
Microsoft Visual Studio Solution File, Format Version 12.00
# Visual Studio 15
Project("{FAE04EC0-301F-11D3-BF4B-00C04F79EFBC}") = "NerdDinner", "NerdDinner\NerdDinner.csproj", "{96F7DA1F-E577-438C-986E-58D299D1CC1D}"
EndProject
Global
	GlobalSection(SolutionConfigurationPlatforms) = preSolution
		Debug|Any CPU = Debug|Any CPU
		Release|Any CPU = Release|Any CPU
	EndGlobalSection
	GlobalSection(ProjectConfigurationPlatforms) = postSolution
		{96F7DA1F-E577-438C-986E-58D299D1CC1D}.Debug|Any CPU.ActiveCfg = Debug|Any CPU
		{96F7DA1F-E577-438C-986E-58D299D1CC1D}.Debug|Any CPU.Build.0 = Debug|Any CPU
		{96F7DA1F-E577-438C-986E-58D299D1CC1D}.Release|Any CPU.ActiveCfg = Release|Any CPU
		{96F7DA1F-E577-438C-986E-58D299D1CC1D}.Release|Any CPU.Build.0 = Release|Any CPU
	EndGlobalSection
EndGlobal
